
Microsoft Visual Studio Solution File, Format Version 12.00
# Visual Studio 15
VisualStudioVersion = 15.0.26228.4
MinimumVisualStudioVersion = 10.0.40219.1
Project("{D954291E-2A0B-460D-934E-DC6B0785DB48}") = "RAT", "RAT\RAT\RAT.shproj", "{1B084EDB-6A33-4E16-AFE0-205ABFCB34B0}"
EndProject
Project("{FAE04EC0-301F-11D3-BF4B-00C04F79EFBC}") = "RAT.UWP", "RAT\RAT.UWP\RAT.UWP.csproj", "{881CD4CB-8F82-4DB2-949E-A7A11FBF2DBC}"
EndProject
Project("{2150E333-8FDC-42A3-9474-1A3956D46DE8}") = "Platforms", "Platforms", "{3A8B3913-25C9-45DC-BB7F-F78880FAB13B}"
EndProject
Project("{FAE04EC0-301F-11D3-BF4B-00C04F79EFBC}") = "RAT.Droid", "RAT\RAT.Droid\RAT.Droid.csproj", "{41959BFB-721C-46E2-99AE-EEF49A510BCC}"
EndProject
Project("{FAE04EC0-301F-11D3-BF4B-00C04F79EFBC}") = "UnitTest", "UnitTest\UnitTest.csproj", "{201E19E0-291C-4027-B5AA-E5CDC301AD0F}"
EndProject
Global
	GlobalSection(SharedMSBuildProjectFiles) = preSolution
		RAT\RAT\RAT.projitems*{1b084edb-6a33-4e16-afe0-205abfcb34b0}*SharedItemsImports = 13
		RAT\RAT\RAT.projitems*{41959bfb-721c-46e2-99ae-eef49a510bcc}*SharedItemsImports = 4
		RAT\RAT\RAT.projitems*{881cd4cb-8f82-4db2-949e-a7a11fbf2dbc}*SharedItemsImports = 4
	EndGlobalSection
	GlobalSection(SolutionConfigurationPlatforms) = preSolution
		Ad-Hoc|Any CPU = Ad-Hoc|Any CPU
		Ad-Hoc|ARM = Ad-Hoc|ARM
		Ad-Hoc|iPhone = Ad-Hoc|iPhone
		Ad-Hoc|iPhoneSimulator = Ad-Hoc|iPhoneSimulator
		Ad-Hoc|x64 = Ad-Hoc|x64
		Ad-Hoc|x86 = Ad-Hoc|x86
		AppStore|Any CPU = AppStore|Any CPU
		AppStore|ARM = AppStore|ARM
		AppStore|iPhone = AppStore|iPhone
		AppStore|iPhoneSimulator = AppStore|iPhoneSimulator
		AppStore|x64 = AppStore|x64
		AppStore|x86 = AppStore|x86
		Debug|Any CPU = Debug|Any CPU
		Debug|ARM = Debug|ARM
		Debug|iPhone = Debug|iPhone
		Debug|iPhoneSimulator = Debug|iPhoneSimulator
		Debug|x64 = Debug|x64
		Debug|x86 = Debug|x86
		Release|Any CPU = Release|Any CPU
		Release|ARM = Release|ARM
		Release|iPhone = Release|iPhone
		Release|iPhoneSimulator = Release|iPhoneSimulator
		Release|x64 = Release|x64
		Release|x86 = Release|x86
	EndGlobalSection
	GlobalSection(ProjectConfigurationPlatforms) = postSolution
		{881CD4CB-8F82-4DB2-949E-A7A11FBF2DBC}.Ad-Hoc|Any CPU.ActiveCfg = Release|x86
		{881CD4CB-8F82-4DB2-949E-A7A11FBF2DBC}.Ad-Hoc|Any CPU.Build.0 = Release|x86
		{881CD4CB-8F82-4DB2-949E-A7A11FBF2DBC}.Ad-Hoc|Any CPU.Deploy.0 = Release|x86
		{881CD4CB-8F82-4DB2-949E-A7A11FBF2DBC}.Ad-Hoc|ARM.ActiveCfg = Release|ARM
		{881CD4CB-8F82-4DB2-949E-A7A11FBF2DBC}.Ad-Hoc|ARM.Build.0 = Release|ARM
		{881CD4CB-8F82-4DB2-949E-A7A11FBF2DBC}.Ad-Hoc|ARM.Deploy.0 = Release|ARM
		{881CD4CB-8F82-4DB2-949E-A7A11FBF2DBC}.Ad-Hoc|iPhone.ActiveCfg = Release|x86
		{881CD4CB-8F82-4DB2-949E-A7A11FBF2DBC}.Ad-Hoc|iPhone.Build.0 = Release|x86
		{881CD4CB-8F82-4DB2-949E-A7A11FBF2DBC}.Ad-Hoc|iPhone.Deploy.0 = Release|x86
		{881CD4CB-8F82-4DB2-949E-A7A11FBF2DBC}.Ad-Hoc|iPhoneSimulator.ActiveCfg = Release|x86
		{881CD4CB-8F82-4DB2-949E-A7A11FBF2DBC}.Ad-Hoc|iPhoneSimulator.Build.0 = Release|x86
		{881CD4CB-8F82-4DB2-949E-A7A11FBF2DBC}.Ad-Hoc|iPhoneSimulator.Deploy.0 = Release|x86
		{881CD4CB-8F82-4DB2-949E-A7A11FBF2DBC}.Ad-Hoc|x64.ActiveCfg = Release|x64
		{881CD4CB-8F82-4DB2-949E-A7A11FBF2DBC}.Ad-Hoc|x64.Build.0 = Release|x64
		{881CD4CB-8F82-4DB2-949E-A7A11FBF2DBC}.Ad-Hoc|x64.Deploy.0 = Release|x64
		{881CD4CB-8F82-4DB2-949E-A7A11FBF2DBC}.Ad-Hoc|x86.ActiveCfg = Release|x86
		{881CD4CB-8F82-4DB2-949E-A7A11FBF2DBC}.Ad-Hoc|x86.Build.0 = Release|x86
		{881CD4CB-8F82-4DB2-949E-A7A11FBF2DBC}.Ad-Hoc|x86.Deploy.0 = Release|x86
		{881CD4CB-8F82-4DB2-949E-A7A11FBF2DBC}.AppStore|Any CPU.ActiveCfg = Release|x86
		{881CD4CB-8F82-4DB2-949E-A7A11FBF2DBC}.AppStore|Any CPU.Build.0 = Release|x86
		{881CD4CB-8F82-4DB2-949E-A7A11FBF2DBC}.AppStore|Any CPU.Deploy.0 = Release|x86
		{881CD4CB-8F82-4DB2-949E-A7A11FBF2DBC}.AppStore|ARM.ActiveCfg = Release|ARM
		{881CD4CB-8F82-4DB2-949E-A7A11FBF2DBC}.AppStore|ARM.Build.0 = Release|ARM
		{881CD4CB-8F82-4DB2-949E-A7A11FBF2DBC}.AppStore|ARM.Deploy.0 = Release|ARM
		{881CD4CB-8F82-4DB2-949E-A7A11FBF2DBC}.AppStore|iPhone.ActiveCfg = Release|x86
		{881CD4CB-8F82-4DB2-949E-A7A11FBF2DBC}.AppStore|iPhone.Build.0 = Release|x86
		{881CD4CB-8F82-4DB2-949E-A7A11FBF2DBC}.AppStore|iPhone.Deploy.0 = Release|x86
		{881CD4CB-8F82-4DB2-949E-A7A11FBF2DBC}.AppStore|iPhoneSimulator.ActiveCfg = Release|x86
		{881CD4CB-8F82-4DB2-949E-A7A11FBF2DBC}.AppStore|iPhoneSimulator.Build.0 = Release|x86
		{881CD4CB-8F82-4DB2-949E-A7A11FBF2DBC}.AppStore|iPhoneSimulator.Deploy.0 = Release|x86
		{881CD4CB-8F82-4DB2-949E-A7A11FBF2DBC}.AppStore|x64.ActiveCfg = Release|x64
		{881CD4CB-8F82-4DB2-949E-A7A11FBF2DBC}.AppStore|x64.Build.0 = Release|x64
		{881CD4CB-8F82-4DB2-949E-A7A11FBF2DBC}.AppStore|x64.Deploy.0 = Release|x64
		{881CD4CB-8F82-4DB2-949E-A7A11FBF2DBC}.AppStore|x86.ActiveCfg = Release|x86
		{881CD4CB-8F82-4DB2-949E-A7A11FBF2DBC}.AppStore|x86.Build.0 = Release|x86
		{881CD4CB-8F82-4DB2-949E-A7A11FBF2DBC}.AppStore|x86.Deploy.0 = Release|x86
		{881CD4CB-8F82-4DB2-949E-A7A11FBF2DBC}.Debug|Any CPU.ActiveCfg = Debug|x86
		{881CD4CB-8F82-4DB2-949E-A7A11FBF2DBC}.Debug|Any CPU.Build.0 = Debug|x86
		{881CD4CB-8F82-4DB2-949E-A7A11FBF2DBC}.Debug|Any CPU.Deploy.0 = Debug|x86
		{881CD4CB-8F82-4DB2-949E-A7A11FBF2DBC}.Debug|ARM.ActiveCfg = Debug|ARM
		{881CD4CB-8F82-4DB2-949E-A7A11FBF2DBC}.Debug|ARM.Build.0 = Debug|ARM
		{881CD4CB-8F82-4DB2-949E-A7A11FBF2DBC}.Debug|ARM.Deploy.0 = Debug|ARM
		{881CD4CB-8F82-4DB2-949E-A7A11FBF2DBC}.Debug|iPhone.ActiveCfg = Debug|x86
		{881CD4CB-8F82-4DB2-949E-A7A11FBF2DBC}.Debug|iPhone.Build.0 = Debug|x86
		{881CD4CB-8F82-4DB2-949E-A7A11FBF2DBC}.Debug|iPhone.Deploy.0 = Debug|x86
		{881CD4CB-8F82-4DB2-949E-A7A11FBF2DBC}.Debug|iPhoneSimulator.ActiveCfg = Debug|x86
		{881CD4CB-8F82-4DB2-949E-A7A11FBF2DBC}.Debug|iPhoneSimulator.Build.0 = Debug|x86
		{881CD4CB-8F82-4DB2-949E-A7A11FBF2DBC}.Debug|iPhoneSimulator.Deploy.0 = Debug|x86
		{881CD4CB-8F82-4DB2-949E-A7A11FBF2DBC}.Debug|x64.ActiveCfg = Debug|x64
		{881CD4CB-8F82-4DB2-949E-A7A11FBF2DBC}.Debug|x64.Build.0 = Debug|x64
		{881CD4CB-8F82-4DB2-949E-A7A11FBF2DBC}.Debug|x64.Deploy.0 = Debug|x64
		{881CD4CB-8F82-4DB2-949E-A7A11FBF2DBC}.Debug|x86.ActiveCfg = Debug|x86
		{881CD4CB-8F82-4DB2-949E-A7A11FBF2DBC}.Debug|x86.Build.0 = Debug|x86
		{881CD4CB-8F82-4DB2-949E-A7A11FBF2DBC}.Debug|x86.Deploy.0 = Debug|x86
		{881CD4CB-8F82-4DB2-949E-A7A11FBF2DBC}.Release|Any CPU.ActiveCfg = Release|x86
		{881CD4CB-8F82-4DB2-949E-A7A11FBF2DBC}.Release|Any CPU.Build.0 = Release|x86
		{881CD4CB-8F82-4DB2-949E-A7A11FBF2DBC}.Release|Any CPU.Deploy.0 = Release|x86
		{881CD4CB-8F82-4DB2-949E-A7A11FBF2DBC}.Release|ARM.ActiveCfg = Release|ARM
		{881CD4CB-8F82-4DB2-949E-A7A11FBF2DBC}.Release|ARM.Build.0 = Release|ARM
		{881CD4CB-8F82-4DB2-949E-A7A11FBF2DBC}.Release|ARM.Deploy.0 = Release|ARM
		{881CD4CB-8F82-4DB2-949E-A7A11FBF2DBC}.Release|iPhone.ActiveCfg = Release|x86
		{881CD4CB-8F82-4DB2-949E-A7A11FBF2DBC}.Release|iPhoneSimulator.ActiveCfg = Release|x86
		{881CD4CB-8F82-4DB2-949E-A7A11FBF2DBC}.Release|x64.ActiveCfg = Release|x64
		{881CD4CB-8F82-4DB2-949E-A7A11FBF2DBC}.Release|x64.Build.0 = Release|x64
		{881CD4CB-8F82-4DB2-949E-A7A11FBF2DBC}.Release|x64.Deploy.0 = Release|x64
		{881CD4CB-8F82-4DB2-949E-A7A11FBF2DBC}.Release|x86.ActiveCfg = Release|x86
		{881CD4CB-8F82-4DB2-949E-A7A11FBF2DBC}.Release|x86.Build.0 = Release|x86
		{881CD4CB-8F82-4DB2-949E-A7A11FBF2DBC}.Release|x86.Deploy.0 = Release|x86
		{41959BFB-721C-46E2-99AE-EEF49A510BCC}.Ad-Hoc|Any CPU.ActiveCfg = Release|Any CPU
		{41959BFB-721C-46E2-99AE-EEF49A510BCC}.Ad-Hoc|Any CPU.Build.0 = Release|Any CPU
		{41959BFB-721C-46E2-99AE-EEF49A510BCC}.Ad-Hoc|Any CPU.Deploy.0 = Release|Any CPU
		{41959BFB-721C-46E2-99AE-EEF49A510BCC}.Ad-Hoc|ARM.ActiveCfg = Release|Any CPU
		{41959BFB-721C-46E2-99AE-EEF49A510BCC}.Ad-Hoc|ARM.Build.0 = Release|Any CPU
		{41959BFB-721C-46E2-99AE-EEF49A510BCC}.Ad-Hoc|ARM.Deploy.0 = Release|Any CPU
		{41959BFB-721C-46E2-99AE-EEF49A510BCC}.Ad-Hoc|iPhone.ActiveCfg = Release|Any CPU
		{41959BFB-721C-46E2-99AE-EEF49A510BCC}.Ad-Hoc|iPhone.Build.0 = Release|Any CPU
		{41959BFB-721C-46E2-99AE-EEF49A510BCC}.Ad-Hoc|iPhone.Deploy.0 = Release|Any CPU
		{41959BFB-721C-46E2-99AE-EEF49A510BCC}.Ad-Hoc|iPhoneSimulator.ActiveCfg = Release|Any CPU
		{41959BFB-721C-46E2-99AE-EEF49A510BCC}.Ad-Hoc|iPhoneSimulator.Build.0 = Release|Any CPU
		{41959BFB-721C-46E2-99AE-EEF49A510BCC}.Ad-Hoc|iPhoneSimulator.Deploy.0 = Release|Any CPU
		{41959BFB-721C-46E2-99AE-EEF49A510BCC}.Ad-Hoc|x64.ActiveCfg = Release|Any CPU
		{41959BFB-721C-46E2-99AE-EEF49A510BCC}.Ad-Hoc|x64.Build.0 = Release|Any CPU
		{41959BFB-721C-46E2-99AE-EEF49A510BCC}.Ad-Hoc|x64.Deploy.0 = Release|Any CPU
		{41959BFB-721C-46E2-99AE-EEF49A510BCC}.Ad-Hoc|x86.ActiveCfg = Release|Any CPU
		{41959BFB-721C-46E2-99AE-EEF49A510BCC}.Ad-Hoc|x86.Build.0 = Release|Any CPU
		{41959BFB-721C-46E2-99AE-EEF49A510BCC}.Ad-Hoc|x86.Deploy.0 = Release|Any CPU
		{41959BFB-721C-46E2-99AE-EEF49A510BCC}.AppStore|Any CPU.ActiveCfg = Release|Any CPU
		{41959BFB-721C-46E2-99AE-EEF49A510BCC}.AppStore|Any CPU.Build.0 = Release|Any CPU
		{41959BFB-721C-46E2-99AE-EEF49A510BCC}.AppStore|Any CPU.Deploy.0 = Release|Any CPU
		{41959BFB-721C-46E2-99AE-EEF49A510BCC}.AppStore|ARM.ActiveCfg = Release|Any CPU
		{41959BFB-721C-46E2-99AE-EEF49A510BCC}.AppStore|ARM.Build.0 = Release|Any CPU
		{41959BFB-721C-46E2-99AE-EEF49A510BCC}.AppStore|ARM.Deploy.0 = Release|Any CPU
		{41959BFB-721C-46E2-99AE-EEF49A510BCC}.AppStore|iPhone.ActiveCfg = Release|Any CPU
		{41959BFB-721C-46E2-99AE-EEF49A510BCC}.AppStore|iPhone.Build.0 = Release|Any CPU
		{41959BFB-721C-46E2-99AE-EEF49A510BCC}.AppStore|iPhone.Deploy.0 = Release|Any CPU
		{41959BFB-721C-46E2-99AE-EEF49A510BCC}.AppStore|iPhoneSimulator.ActiveCfg = Release|Any CPU
		{41959BFB-721C-46E2-99AE-EEF49A510BCC}.AppStore|iPhoneSimulator.Build.0 = Release|Any CPU
		{41959BFB-721C-46E2-99AE-EEF49A510BCC}.AppStore|iPhoneSimulator.Deploy.0 = Release|Any CPU
		{41959BFB-721C-46E2-99AE-EEF49A510BCC}.AppStore|x64.ActiveCfg = Release|Any CPU
		{41959BFB-721C-46E2-99AE-EEF49A510BCC}.AppStore|x64.Build.0 = Release|Any CPU
		{41959BFB-721C-46E2-99AE-EEF49A510BCC}.AppStore|x64.Deploy.0 = Release|Any CPU
		{41959BFB-721C-46E2-99AE-EEF49A510BCC}.AppStore|x86.ActiveCfg = Release|Any CPU
		{41959BFB-721C-46E2-99AE-EEF49A510BCC}.AppStore|x86.Build.0 = Release|Any CPU
		{41959BFB-721C-46E2-99AE-EEF49A510BCC}.AppStore|x86.Deploy.0 = Release|Any CPU
		{41959BFB-721C-46E2-99AE-EEF49A510BCC}.Debug|Any CPU.ActiveCfg = Debug|Any CPU
		{41959BFB-721C-46E2-99AE-EEF49A510BCC}.Debug|Any CPU.Build.0 = Debug|Any CPU
		{41959BFB-721C-46E2-99AE-EEF49A510BCC}.Debug|Any CPU.Deploy.0 = Debug|Any CPU
		{41959BFB-721C-46E2-99AE-EEF49A510BCC}.Debug|ARM.ActiveCfg = Debug|Any CPU
		{41959BFB-721C-46E2-99AE-EEF49A510BCC}.Debug|ARM.Build.0 = Debug|Any CPU
		{41959BFB-721C-46E2-99AE-EEF49A510BCC}.Debug|ARM.Deploy.0 = Debug|Any CPU
		{41959BFB-721C-46E2-99AE-EEF49A510BCC}.Debug|iPhone.ActiveCfg = Debug|Any CPU
		{41959BFB-721C-46E2-99AE-EEF49A510BCC}.Debug|iPhone.Build.0 = Debug|Any CPU
		{41959BFB-721C-46E2-99AE-EEF49A510BCC}.Debug|iPhone.Deploy.0 = Debug|Any CPU
		{41959BFB-721C-46E2-99AE-EEF49A510BCC}.Debug|iPhoneSimulator.ActiveCfg = Debug|Any CPU
		{41959BFB-721C-46E2-99AE-EEF49A510BCC}.Debug|iPhoneSimulator.Build.0 = Debug|Any CPU
		{41959BFB-721C-46E2-99AE-EEF49A510BCC}.Debug|iPhoneSimulator.Deploy.0 = Debug|Any CPU
		{41959BFB-721C-46E2-99AE-EEF49A510BCC}.Debug|x64.ActiveCfg = Debug|Any CPU
		{41959BFB-721C-46E2-99AE-EEF49A510BCC}.Debug|x64.Build.0 = Debug|Any CPU
		{41959BFB-721C-46E2-99AE-EEF49A510BCC}.Debug|x64.Deploy.0 = Debug|Any CPU
		{41959BFB-721C-46E2-99AE-EEF49A510BCC}.Debug|x86.ActiveCfg = Debug|Any CPU
		{41959BFB-721C-46E2-99AE-EEF49A510BCC}.Debug|x86.Build.0 = Debug|Any CPU
		{41959BFB-721C-46E2-99AE-EEF49A510BCC}.Debug|x86.Deploy.0 = Debug|Any CPU
		{41959BFB-721C-46E2-99AE-EEF49A510BCC}.Release|Any CPU.ActiveCfg = Release|Any CPU
		{41959BFB-721C-46E2-99AE-EEF49A510BCC}.Release|Any CPU.Build.0 = Release|Any CPU
		{41959BFB-721C-46E2-99AE-EEF49A510BCC}.Release|Any CPU.Deploy.0 = Release|Any CPU
		{41959BFB-721C-46E2-99AE-EEF49A510BCC}.Release|ARM.ActiveCfg = Release|Any CPU
		{41959BFB-721C-46E2-99AE-EEF49A510BCC}.Release|ARM.Build.0 = Release|Any CPU
		{41959BFB-721C-46E2-99AE-EEF49A510BCC}.Release|ARM.Deploy.0 = Release|Any CPU
		{41959BFB-721C-46E2-99AE-EEF49A510BCC}.Release|iPhone.ActiveCfg = Release|Any CPU
		{41959BFB-721C-46E2-99AE-EEF49A510BCC}.Release|iPhone.Build.0 = Release|Any CPU
		{41959BFB-721C-46E2-99AE-EEF49A510BCC}.Release|iPhone.Deploy.0 = Release|Any CPU
		{41959BFB-721C-46E2-99AE-EEF49A510BCC}.Release|iPhoneSimulator.ActiveCfg = Release|Any CPU
		{41959BFB-721C-46E2-99AE-EEF49A510BCC}.Release|iPhoneSimulator.Build.0 = Release|Any CPU
		{41959BFB-721C-46E2-99AE-EEF49A510BCC}.Release|iPhoneSimulator.Deploy.0 = Release|Any CPU
		{41959BFB-721C-46E2-99AE-EEF49A510BCC}.Release|x64.ActiveCfg = Release|Any CPU
		{41959BFB-721C-46E2-99AE-EEF49A510BCC}.Release|x64.Build.0 = Release|Any CPU
		{41959BFB-721C-46E2-99AE-EEF49A510BCC}.Release|x64.Deploy.0 = Release|Any CPU
		{41959BFB-721C-46E2-99AE-EEF49A510BCC}.Release|x86.ActiveCfg = Release|Any CPU
		{41959BFB-721C-46E2-99AE-EEF49A510BCC}.Release|x86.Build.0 = Release|Any CPU
		{41959BFB-721C-46E2-99AE-EEF49A510BCC}.Release|x86.Deploy.0 = Release|Any CPU
		{201E19E0-291C-4027-B5AA-E5CDC301AD0F}.Ad-Hoc|Any CPU.ActiveCfg = Release|Any CPU
		{201E19E0-291C-4027-B5AA-E5CDC301AD0F}.Ad-Hoc|Any CPU.Build.0 = Release|Any CPU
		{201E19E0-291C-4027-B5AA-E5CDC301AD0F}.Ad-Hoc|ARM.ActiveCfg = Release|Any CPU
		{201E19E0-291C-4027-B5AA-E5CDC301AD0F}.Ad-Hoc|ARM.Build.0 = Release|Any CPU
		{201E19E0-291C-4027-B5AA-E5CDC301AD0F}.Ad-Hoc|iPhone.ActiveCfg = Release|Any CPU
		{201E19E0-291C-4027-B5AA-E5CDC301AD0F}.Ad-Hoc|iPhone.Build.0 = Release|Any CPU
		{201E19E0-291C-4027-B5AA-E5CDC301AD0F}.Ad-Hoc|iPhoneSimulator.ActiveCfg = Release|Any CPU
		{201E19E0-291C-4027-B5AA-E5CDC301AD0F}.Ad-Hoc|iPhoneSimulator.Build.0 = Release|Any CPU
		{201E19E0-291C-4027-B5AA-E5CDC301AD0F}.Ad-Hoc|x64.ActiveCfg = Release|Any CPU
		{201E19E0-291C-4027-B5AA-E5CDC301AD0F}.Ad-Hoc|x64.Build.0 = Release|Any CPU
		{201E19E0-291C-4027-B5AA-E5CDC301AD0F}.Ad-Hoc|x86.ActiveCfg = Release|Any CPU
		{201E19E0-291C-4027-B5AA-E5CDC301AD0F}.Ad-Hoc|x86.Build.0 = Release|Any CPU
		{201E19E0-291C-4027-B5AA-E5CDC301AD0F}.AppStore|Any CPU.ActiveCfg = Release|Any CPU
		{201E19E0-291C-4027-B5AA-E5CDC301AD0F}.AppStore|Any CPU.Build.0 = Release|Any CPU
		{201E19E0-291C-4027-B5AA-E5CDC301AD0F}.AppStore|ARM.ActiveCfg = Release|Any CPU
		{201E19E0-291C-4027-B5AA-E5CDC301AD0F}.AppStore|ARM.Build.0 = Release|Any CPU
		{201E19E0-291C-4027-B5AA-E5CDC301AD0F}.AppStore|iPhone.ActiveCfg = Release|Any CPU
		{201E19E0-291C-4027-B5AA-E5CDC301AD0F}.AppStore|iPhone.Build.0 = Release|Any CPU
		{201E19E0-291C-4027-B5AA-E5CDC301AD0F}.AppStore|iPhoneSimulator.ActiveCfg = Release|Any CPU
		{201E19E0-291C-4027-B5AA-E5CDC301AD0F}.AppStore|iPhoneSimulator.Build.0 = Release|Any CPU
		{201E19E0-291C-4027-B5AA-E5CDC301AD0F}.AppStore|x64.ActiveCfg = Release|Any CPU
		{201E19E0-291C-4027-B5AA-E5CDC301AD0F}.AppStore|x64.Build.0 = Release|Any CPU
		{201E19E0-291C-4027-B5AA-E5CDC301AD0F}.AppStore|x86.ActiveCfg = Release|Any CPU
		{201E19E0-291C-4027-B5AA-E5CDC301AD0F}.AppStore|x86.Build.0 = Release|Any CPU
		{201E19E0-291C-4027-B5AA-E5CDC301AD0F}.Debug|Any CPU.ActiveCfg = Debug|Any CPU
		{201E19E0-291C-4027-B5AA-E5CDC301AD0F}.Debug|Any CPU.Build.0 = Debug|Any CPU
		{201E19E0-291C-4027-B5AA-E5CDC301AD0F}.Debug|ARM.ActiveCfg = Debug|Any CPU
		{201E19E0-291C-4027-B5AA-E5CDC301AD0F}.Debug|ARM.Build.0 = Debug|Any CPU
		{201E19E0-291C-4027-B5AA-E5CDC301AD0F}.Debug|iPhone.ActiveCfg = Debug|Any CPU
		{201E19E0-291C-4027-B5AA-E5CDC301AD0F}.Debug|iPhone.Build.0 = Debug|Any CPU
		{201E19E0-291C-4027-B5AA-E5CDC301AD0F}.Debug|iPhoneSimulator.ActiveCfg = Debug|Any CPU
		{201E19E0-291C-4027-B5AA-E5CDC301AD0F}.Debug|iPhoneSimulator.Build.0 = Debug|Any CPU
		{201E19E0-291C-4027-B5AA-E5CDC301AD0F}.Debug|x64.ActiveCfg = Debug|Any CPU
		{201E19E0-291C-4027-B5AA-E5CDC301AD0F}.Debug|x64.Build.0 = Debug|Any CPU
		{201E19E0-291C-4027-B5AA-E5CDC301AD0F}.Debug|x86.ActiveCfg = Debug|Any CPU
		{201E19E0-291C-4027-B5AA-E5CDC301AD0F}.Debug|x86.Build.0 = Debug|Any CPU
		{201E19E0-291C-4027-B5AA-E5CDC301AD0F}.Release|Any CPU.ActiveCfg = Release|Any CPU
		{201E19E0-291C-4027-B5AA-E5CDC301AD0F}.Release|Any CPU.Build.0 = Release|Any CPU
		{201E19E0-291C-4027-B5AA-E5CDC301AD0F}.Release|ARM.ActiveCfg = Release|Any CPU
		{201E19E0-291C-4027-B5AA-E5CDC301AD0F}.Release|ARM.Build.0 = Release|Any CPU
		{201E19E0-291C-4027-B5AA-E5CDC301AD0F}.Release|iPhone.ActiveCfg = Release|Any CPU
		{201E19E0-291C-4027-B5AA-E5CDC301AD0F}.Release|iPhone.Build.0 = Release|Any CPU
		{201E19E0-291C-4027-B5AA-E5CDC301AD0F}.Release|iPhoneSimulator.ActiveCfg = Release|Any CPU
		{201E19E0-291C-4027-B5AA-E5CDC301AD0F}.Release|iPhoneSimulator.Build.0 = Release|Any CPU
		{201E19E0-291C-4027-B5AA-E5CDC301AD0F}.Release|x64.ActiveCfg = Release|Any CPU
		{201E19E0-291C-4027-B5AA-E5CDC301AD0F}.Release|x64.Build.0 = Release|Any CPU
		{201E19E0-291C-4027-B5AA-E5CDC301AD0F}.Release|x86.ActiveCfg = Release|Any CPU
		{201E19E0-291C-4027-B5AA-E5CDC301AD0F}.Release|x86.Build.0 = Release|Any CPU
	EndGlobalSection
	GlobalSection(SolutionProperties) = preSolution
		HideSolutionNode = FALSE
	EndGlobalSection
	GlobalSection(NestedProjects) = preSolution
		{881CD4CB-8F82-4DB2-949E-A7A11FBF2DBC} = {3A8B3913-25C9-45DC-BB7F-F78880FAB13B}
		{41959BFB-721C-46E2-99AE-EEF49A510BCC} = {3A8B3913-25C9-45DC-BB7F-F78880FAB13B}
	EndGlobalSection
EndGlobal
